
Microsoft Visual Studio Solution File, Format Version 12.00
# Visual Studio 15
VisualStudioVersion = 15.0.27703.2042
MinimumVisualStudioVersion = 10.0.40219.1
Project("{FAE04EC0-301F-11D3-BF4B-00C04F79EFBC}") = "Fidelizando.Android", "Fidelizando\Fidelizando.Android\Fidelizando.Android.csproj", "{C8C5D0B6-064E-4B70-8648-F03558280AF2}"
EndProject
Project("{FAE04EC0-301F-11D3-BF4B-00C04F79EFBC}") = "Fidelizando.iOS", "Fidelizando\Fidelizando.iOS\Fidelizando.iOS.csproj", "{32B7E009-849C-426F-B168-BE99AFBB95E1}"
EndProject
Project("{FAE04EC0-301F-11D3-BF4B-00C04F79EFBC}") = "Fidelizando", "Fidelizando\Fidelizando\Fidelizando.csproj", "{E567C7FC-35FC-4924-B540-56EB7A229272}"
EndProject
Global
	GlobalSection(SolutionConfigurationPlatforms) = preSolution
		Ad-Hoc|Any CPU = Ad-Hoc|Any CPU
		Ad-Hoc|iPhone = Ad-Hoc|iPhone
		Ad-Hoc|iPhoneSimulator = Ad-Hoc|iPhoneSimulator
		AppStore|Any CPU = AppStore|Any CPU
		AppStore|iPhone = AppStore|iPhone
		AppStore|iPhoneSimulator = AppStore|iPhoneSimulator
		Debug|Any CPU = Debug|Any CPU
		Debug|iPhone = Debug|iPhone
		Debug|iPhoneSimulator = Debug|iPhoneSimulator
		Release|Any CPU = Release|Any CPU
		Release|iPhone = Release|iPhone
		Release|iPhoneSimulator = Release|iPhoneSimulator
	EndGlobalSection
	GlobalSection(ProjectConfigurationPlatforms) = postSolution
		{C8C5D0B6-064E-4B70-8648-F03558280AF2}.Ad-Hoc|Any CPU.ActiveCfg = Release|Any CPU
		{C8C5D0B6-064E-4B70-8648-F03558280AF2}.Ad-Hoc|Any CPU.Build.0 = Release|Any CPU
		{C8C5D0B6-064E-4B70-8648-F03558280AF2}.Ad-Hoc|Any CPU.Deploy.0 = Release|Any CPU
		{C8C5D0B6-064E-4B70-8648-F03558280AF2}.Ad-Hoc|iPhone.ActiveCfg = Release|Any CPU
		{C8C5D0B6-064E-4B70-8648-F03558280AF2}.Ad-Hoc|iPhone.Build.0 = Release|Any CPU
		{C8C5D0B6-064E-4B70-8648-F03558280AF2}.Ad-Hoc|iPhone.Deploy.0 = Release|Any CPU
		{C8C5D0B6-064E-4B70-8648-F03558280AF2}.Ad-Hoc|iPhoneSimulator.ActiveCfg = Release|Any CPU
		{C8C5D0B6-064E-4B70-8648-F03558280AF2}.Ad-Hoc|iPhoneSimulator.Build.0 = Release|Any CPU
		{C8C5D0B6-064E-4B70-8648-F03558280AF2}.Ad-Hoc|iPhoneSimulator.Deploy.0 = Release|Any CPU
		{C8C5D0B6-064E-4B70-8648-F03558280AF2}.AppStore|Any CPU.ActiveCfg = Release|Any CPU
		{C8C5D0B6-064E-4B70-8648-F03558280AF2}.AppStore|Any CPU.Build.0 = Release|Any CPU
		{C8C5D0B6-064E-4B70-8648-F03558280AF2}.AppStore|Any CPU.Deploy.0 = Release|Any CPU
		{C8C5D0B6-064E-4B70-8648-F03558280AF2}.AppStore|iPhone.ActiveCfg = Release|Any CPU
		{C8C5D0B6-064E-4B70-8648-F03558280AF2}.AppStore|iPhone.Build.0 = Release|Any CPU
		{C8C5D0B6-064E-4B70-8648-F03558280AF2}.AppStore|iPhone.Deploy.0 = Release|Any CPU
		{C8C5D0B6-064E-4B70-8648-F03558280AF2}.AppStore|iPhoneSimulator.ActiveCfg = Release|Any CPU
		{C8C5D0B6-064E-4B70-8648-F03558280AF2}.AppStore|iPhoneSimulator.Build.0 = Release|Any CPU
		{C8C5D0B6-064E-4B70-8648-F03558280AF2}.AppStore|iPhoneSimulator.Deploy.0 = Release|Any CPU
		{C8C5D0B6-064E-4B70-8648-F03558280AF2}.Debug|Any CPU.ActiveCfg = Debug|Any CPU
		{C8C5D0B6-064E-4B70-8648-F03558280AF2}.Debug|Any CPU.Build.0 = Debug|Any CPU
		{C8C5D0B6-064E-4B70-8648-F03558280AF2}.Debug|Any CPU.Deploy.0 = Debug|Any CPU
		{C8C5D0B6-064E-4B70-8648-F03558280AF2}.Debug|iPhone.ActiveCfg = Debug|Any CPU
		{C8C5D0B6-064E-4B70-8648-F03558280AF2}.Debug|iPhone.Build.0 = Debug|Any CPU
		{C8C5D0B6-064E-4B70-8648-F03558280AF2}.Debug|iPhone.Deploy.0 = Debug|Any CPU
		{C8C5D0B6-064E-4B70-8648-F03558280AF2}.Debug|iPhoneSimulator.ActiveCfg = Debug|Any CPU
		{C8C5D0B6-064E-4B70-8648-F03558280AF2}.Debug|iPhoneSimulator.Build.0 = Debug|Any CPU
		{C8C5D0B6-064E-4B70-8648-F03558280AF2}.Debug|iPhoneSimulator.Deploy.0 = Debug|Any CPU
		{C8C5D0B6-064E-4B70-8648-F03558280AF2}.Release|Any CPU.ActiveCfg = Release|Any CPU
		{C8C5D0B6-064E-4B70-8648-F03558280AF2}.Release|Any CPU.Build.0 = Release|Any CPU
		{C8C5D0B6-064E-4B70-8648-F03558280AF2}.Release|Any CPU.Deploy.0 = Release|Any CPU
		{C8C5D0B6-064E-4B70-8648-F03558280AF2}.Release|iPhone.ActiveCfg = Release|Any CPU
		{C8C5D0B6-064E-4B70-8648-F03558280AF2}.Release|iPhone.Build.0 = Release|Any CPU
		{C8C5D0B6-064E-4B70-8648-F03558280AF2}.Release|iPhone.Deploy.0 = Release|Any CPU
		{C8C5D0B6-064E-4B70-8648-F03558280AF2}.Release|iPhoneSimulator.ActiveCfg = Release|Any CPU
		{C8C5D0B6-064E-4B70-8648-F03558280AF2}.Release|iPhoneSimulator.Build.0 = Release|Any CPU
		{C8C5D0B6-064E-4B70-8648-F03558280AF2}.Release|iPhoneSimulator.Deploy.0 = Release|Any CPU
		{32B7E009-849C-426F-B168-BE99AFBB95E1}.Ad-Hoc|Any CPU.ActiveCfg = Ad-Hoc|iPhone
		{32B7E009-849C-426F-B168-BE99AFBB95E1}.Ad-Hoc|Any CPU.Build.0 = Ad-Hoc|iPhone
		{32B7E009-849C-426F-B168-BE99AFBB95E1}.Ad-Hoc|Any CPU.Deploy.0 = Ad-Hoc|iPhone
		{32B7E009-849C-426F-B168-BE99AFBB95E1}.Ad-Hoc|iPhone.ActiveCfg = Ad-Hoc|iPhone
		{32B7E009-849C-426F-B168-BE99AFBB95E1}.Ad-Hoc|iPhone.Build.0 = Ad-Hoc|iPhone
		{32B7E009-849C-426F-B168-BE99AFBB95E1}.Ad-Hoc|iPhone.Deploy.0 = Ad-Hoc|iPhone
		{32B7E009-849C-426F-B168-BE99AFBB95E1}.Ad-Hoc|iPhoneSimulator.ActiveCfg = Ad-Hoc|iPhoneSimulator
		{32B7E009-849C-426F-B168-BE99AFBB95E1}.Ad-Hoc|iPhoneSimulator.Build.0 = Ad-Hoc|iPhoneSimulator
		{32B7E009-849C-426F-B168-BE99AFBB95E1}.Ad-Hoc|iPhoneSimulator.Deploy.0 = Ad-Hoc|iPhoneSimulator
		{32B7E009-849C-426F-B168-BE99AFBB95E1}.AppStore|Any CPU.ActiveCfg = AppStore|iPhone
		{32B7E009-849C-426F-B168-BE99AFBB95E1}.AppStore|Any CPU.Build.0 = AppStore|iPhone
		{32B7E009-849C-426F-B168-BE99AFBB95E1}.AppStore|Any CPU.Deploy.0 = AppStore|iPhone
		{32B7E009-849C-426F-B168-BE99AFBB95E1}.AppStore|iPhone.ActiveCfg = AppStore|iPhone
		{32B7E009-849C-426F-B168-BE99AFBB95E1}.AppStore|iPhone.Build.0 = AppStore|iPhone
		{32B7E009-849C-426F-B168-BE99AFBB95E1}.AppStore|iPhone.Deploy.0 = AppStore|iPhone
		{32B7E009-849C-426F-B168-BE99AFBB95E1}.AppStore|iPhoneSimulator.ActiveCfg = AppStore|iPhoneSimulator
		{32B7E009-849C-426F-B168-BE99AFBB95E1}.AppStore|iPhoneSimulator.Build.0 = AppStore|iPhoneSimulator
		{32B7E009-849C-426F-B168-BE99AFBB95E1}.AppStore|iPhoneSimulator.Deploy.0 = AppStore|iPhoneSimulator
		{32B7E009-849C-426F-B168-BE99AFBB95E1}.Debug|Any CPU.ActiveCfg = Debug|iPhoneSimulator
		{32B7E009-849C-426F-B168-BE99AFBB95E1}.Debug|Any CPU.Build.0 = Debug|iPhoneSimulator
		{32B7E009-849C-426F-B168-BE99AFBB95E1}.Debug|Any CPU.Deploy.0 = Debug|iPhoneSimulator
		{32B7E009-849C-426F-B168-BE99AFBB95E1}.Debug|iPhone.ActiveCfg = Debug|iPhone
		{32B7E009-849C-426F-B168-BE99AFBB95E1}.Debug|iPhone.Build.0 = Debug|iPhone
		{32B7E009-849C-426F-B168-BE99AFBB95E1}.Debug|iPhone.Deploy.0 = Debug|iPhone
		{32B7E009-849C-426F-B168-BE99AFBB95E1}.Debug|iPhoneSimulator.ActiveCfg = Debug|iPhoneSimulator
		{32B7E009-849C-426F-B168-BE99AFBB95E1}.Debug|iPhoneSimulator.Build.0 = Debug|iPhoneSimulator
		{32B7E009-849C-426F-B168-BE99AFBB95E1}.Debug|iPhoneSimulator.Deploy.0 = Debug|iPhoneSimulator
		{32B7E009-849C-426F-B168-BE99AFBB95E1}.Release|Any CPU.ActiveCfg = Release|iPhone
		{32B7E009-849C-426F-B168-BE99AFBB95E1}.Release|Any CPU.Build.0 = Release|iPhone
		{32B7E009-849C-426F-B168-BE99AFBB95E1}.Release|Any CPU.Deploy.0 = Release|iPhone
		{32B7E009-849C-426F-B168-BE99AFBB95E1}.Release|iPhone.ActiveCfg = Release|iPhone
		{32B7E009-849C-426F-B168-BE99AFBB95E1}.Release|iPhone.Build.0 = Release|iPhone
		{32B7E009-849C-426F-B168-BE99AFBB95E1}.Release|iPhone.Deploy.0 = Release|iPhone
		{32B7E009-849C-426F-B168-BE99AFBB95E1}.Release|iPhoneSimulator.ActiveCfg = Release|iPhoneSimulator
		{32B7E009-849C-426F-B168-BE99AFBB95E1}.Release|iPhoneSimulator.Build.0 = Release|iPhoneSimulator
		{32B7E009-849C-426F-B168-BE99AFBB95E1}.Release|iPhoneSimulator.Deploy.0 = Release|iPhoneSimulator
		{E567C7FC-35FC-4924-B540-56EB7A229272}.Ad-Hoc|Any CPU.ActiveCfg = Debug|Any CPU
		{E567C7FC-35FC-4924-B540-56EB7A229272}.Ad-Hoc|Any CPU.Build.0 = Debug|Any CPU
		{E567C7FC-35FC-4924-B540-56EB7A229272}.Ad-Hoc|Any CPU.Deploy.0 = Debug|Any CPU
		{E567C7FC-35FC-4924-B540-56EB7A229272}.Ad-Hoc|iPhone.ActiveCfg = Debug|Any CPU
		{E567C7FC-35FC-4924-B540-56EB7A229272}.Ad-Hoc|iPhone.Build.0 = Debug|Any CPU
		{E567C7FC-35FC-4924-B540-56EB7A229272}.Ad-Hoc|iPhone.Deploy.0 = Debug|Any CPU
		{E567C7FC-35FC-4924-B540-56EB7A229272}.Ad-Hoc|iPhoneSimulator.ActiveCfg = Debug|Any CPU
		{E567C7FC-35FC-4924-B540-56EB7A229272}.Ad-Hoc|iPhoneSimulator.Build.0 = Debug|Any CPU
		{E567C7FC-35FC-4924-B540-56EB7A229272}.Ad-Hoc|iPhoneSimulator.Deploy.0 = Debug|Any CPU
		{E567C7FC-35FC-4924-B540-56EB7A229272}.AppStore|Any CPU.ActiveCfg = Debug|Any CPU
		{E567C7FC-35FC-4924-B540-56EB7A229272}.AppStore|Any CPU.Build.0 = Debug|Any CPU
		{E567C7FC-35FC-4924-B540-56EB7A229272}.AppStore|Any CPU.Deploy.0 = Debug|Any CPU
		{E567C7FC-35FC-4924-B540-56EB7A229272}.AppStore|iPhone.ActiveCfg = Debug|Any CPU
		{E567C7FC-35FC-4924-B540-56EB7A229272}.AppStore|iPhone.Build.0 = Debug|Any CPU
		{E567C7FC-35FC-4924-B540-56EB7A229272}.AppStore|iPhone.Deploy.0 = Debug|Any CPU
		{E567C7FC-35FC-4924-B540-56EB7A229272}.AppStore|iPhoneSimulator.ActiveCfg = Debug|Any CPU
		{E567C7FC-35FC-4924-B540-56EB7A229272}.AppStore|iPhoneSimulator.Build.0 = Debug|Any CPU
		{E567C7FC-35FC-4924-B540-56EB7A229272}.AppStore|iPhoneSimulator.Deploy.0 = Debug|Any CPU
		{E567C7FC-35FC-4924-B540-56EB7A229272}.Debug|Any CPU.ActiveCfg = Debug|Any CPU
		{E567C7FC-35FC-4924-B540-56EB7A229272}.Debug|Any CPU.Build.0 = Debug|Any CPU
		{E567C7FC-35FC-4924-B540-56EB7A229272}.Debug|Any CPU.Deploy.0 = Debug|Any CPU
		{E567C7FC-35FC-4924-B540-56EB7A229272}.Debug|iPhone.ActiveCfg = Debug|Any CPU
		{E567C7FC-35FC-4924-B540-56EB7A229272}.Debug|iPhone.Build.0 = Debug|Any CPU
		{E567C7FC-35FC-4924-B540-56EB7A229272}.Debug|iPhone.Deploy.0 = Debug|Any CPU
		{E567C7FC-35FC-4924-B540-56EB7A229272}.Debug|iPhoneSimulator.ActiveCfg = Debug|Any CPU
		{E567C7FC-35FC-4924-B540-56EB7A229272}.Debug|iPhoneSimulator.Build.0 = Debug|Any CPU
		{E567C7FC-35FC-4924-B540-56EB7A229272}.Debug|iPhoneSimulator.Deploy.0 = Debug|Any CPU
		{E567C7FC-35FC-4924-B540-56EB7A229272}.Release|Any CPU.ActiveCfg = Release|Any CPU
		{E567C7FC-35FC-4924-B540-56EB7A229272}.Release|Any CPU.Build.0 = Release|Any CPU
		{E567C7FC-35FC-4924-B540-56EB7A229272}.Release|Any CPU.Deploy.0 = Release|Any CPU
		{E567C7FC-35FC-4924-B540-56EB7A229272}.Release|iPhone.ActiveCfg = Release|Any CPU
		{E567C7FC-35FC-4924-B540-56EB7A229272}.Release|iPhone.Build.0 = Release|Any CPU
		{E567C7FC-35FC-4924-B540-56EB7A229272}.Release|iPhone.Deploy.0 = Release|Any CPU
		{E567C7FC-35FC-4924-B540-56EB7A229272}.Release|iPhoneSimulator.ActiveCfg = Release|Any CPU
		{E567C7FC-35FC-4924-B540-56EB7A229272}.Release|iPhoneSimulator.Build.0 = Release|Any CPU
		{E567C7FC-35FC-4924-B540-56EB7A229272}.Release|iPhoneSimulator.Deploy.0 = Release|Any CPU
	EndGlobalSection
	GlobalSection(SolutionProperties) = preSolution
		HideSolutionNode = FALSE
	EndGlobalSection
	GlobalSection(ExtensibilityGlobals) = postSolution
		SolutionGuid = {BE8C969F-7F79-4B9D-A5DE-236EEDC596B8}
	EndGlobalSection
EndGlobal
